
Microsoft Visual Studio Solution File, Format Version 12.00
# Visual Studio 15
VisualStudioVersion = 15.0.28307.1800
MinimumVisualStudioVersion = 10.0.40219.1
Project("{D2ABAB84-BF74-430A-B69E-9DC6D40DDA17}") = "MultidimensionalProject_for_DummyBank", "MultidimensionalProject_for_DummyBank\MultidimensionalProject_for_DummyBank.dwproj", "{1E608103-0AB2-4F94-8F38-8C0FA1249BA8}"
EndProject
Global
	GlobalSection(SolutionConfigurationPlatforms) = preSolution
		Development|Default = Development|Default
	EndGlobalSection
	GlobalSection(ProjectConfigurationPlatforms) = postSolution
		{1E608103-0AB2-4F94-8F38-8C0FA1249BA8}.Development|Default.ActiveCfg = Development
		{1E608103-0AB2-4F94-8F38-8C0FA1249BA8}.Development|Default.Build.0 = Development
		{1E608103-0AB2-4F94-8F38-8C0FA1249BA8}.Development|Default.Deploy.0 = Development
	EndGlobalSection
	GlobalSection(SolutionProperties) = preSolution
		HideSolutionNode = FALSE
	EndGlobalSection
	GlobalSection(ExtensibilityGlobals) = postSolution
		SolutionGuid = {FCB756AD-5240-43A6-951D-B7A12A27D203}
	EndGlobalSection
EndGlobal
